
Microsoft Visual Studio Solution File, Format Version 12.00
# Visual Studio 2013
VisualStudioVersion = 12.0.31101.0
MinimumVisualStudioVersion = 10.0.40219.1
Project("{FAE04EC0-301F-11D3-BF4B-00C04F79EFBC}") = "Civilised.UI", "Civilised.UI\Civilised.UI.csproj", "{CF54C5C8-0F15-4530-A7A3-0DAECCA800FD}"
EndProject
Global
	GlobalSection(SolutionConfigurationPlatforms) = preSolution
		Debug|Any CPU = Debug|Any CPU
		Release|Any CPU = Release|Any CPU
	EndGlobalSection
	GlobalSection(ProjectConfigurationPlatforms) = postSolution
		{CF54C5C8-0F15-4530-A7A3-0DAECCA800FD}.Debug|Any CPU.ActiveCfg = Debug|Any CPU
		{CF54C5C8-0F15-4530-A7A3-0DAECCA800FD}.Debug|Any CPU.Build.0 = Debug|Any CPU
		{CF54C5C8-0F15-4530-A7A3-0DAECCA800FD}.Release|Any CPU.ActiveCfg = Release|Any CPU
		{CF54C5C8-0F15-4530-A7A3-0DAECCA800FD}.Release|Any CPU.Build.0 = Release|Any CPU
	EndGlobalSection
	GlobalSection(SolutionProperties) = preSolution
		HideSolutionNode = FALSE
	EndGlobalSection
EndGlobal
